
Microsoft Visual Studio Solution File, Format Version 12.00
# Visual Studio Version 17
VisualStudioVersion = 17.5.002.0
MinimumVisualStudioVersion = 10.0.40219.1
Project("{2150E333-8FDC-42A3-9474-1A3956D46DE8}") = "Files", "Files", "{37B167A3-F65A-4DAC-B56C-F8F3C9F8C47B}"
EndProject
Project("{9A19103F-16F7-4668-BE54-9A1E7A4F7556}") = "CreateFiles", "Files\CreateFiles\CreateFiles.csproj", "{F4AE9BF3-9992-43E2-B0A8-4526EF15E680}"
EndProject
Project("{9A19103F-16F7-4668-BE54-9A1E7A4F7556}") = "Directories", "Files\Directories\Directories.csproj", "{4E5B7F69-5658-4A3A-BC57-1E53629823D0}"
EndProject
Project("{9A19103F-16F7-4668-BE54-9A1E7A4F7556}") = "FileInfo", "Files\FileInfo\FileInfo.csproj", "{4F78175F-36A3-4D0F-927F-6811A09E7D3E}"
EndProject
Project("{9A19103F-16F7-4668-BE54-9A1E7A4F7556}") = "ReadWriteFiles", "Files\ReadWriteFiles\ReadWriteFiles.csproj", "{8D0359C1-F3F8-47A2-B571-7A2FABF1736A}"
EndProject
Project("{2150E333-8FDC-42A3-9474-1A3956D46DE8}") = "NumbersDates", "NumbersDates", "{713E0C84-6746-4750-9D9D-E7D049C640FA}"
EndProject
Project("{9A19103F-16F7-4668-BE54-9A1E7A4F7556}") = "DateTimeClass", "NumbersDates\DateTimeClass\DateTimeClass.csproj", "{600621E9-C54B-42EB-86AC-3A11A690F586}"
EndProject
Project("{9A19103F-16F7-4668-BE54-9A1E7A4F7556}") = "FormatDates", "NumbersDates\FormatDates\FormatDates.csproj", "{38CA79EE-D223-4D91-9EF6-133DE028B8FB}"
EndProject
Project("{9A19103F-16F7-4668-BE54-9A1E7A4F7556}") = "FormatNumbers", "NumbersDates\FormatNumbers\FormatNumbers.csproj", "{B9EE8773-F2DC-4390-A2D4-AB55C7A9D856}"
EndProject
Project("{9A19103F-16F7-4668-BE54-9A1E7A4F7556}") = "ParseDates", "NumbersDates\ParseDates\ParseDates.csproj", "{DAB0F60B-1DB3-4F36-9B8E-2932C9DCDD69}"
EndProject
Project("{9A19103F-16F7-4668-BE54-9A1E7A4F7556}") = "ParseNumbers", "NumbersDates\ParseNumbers\ParseNumbers.csproj", "{0973663D-75A5-4C56-8329-92AF4AEB9905}"
EndProject
Project("{2150E333-8FDC-42A3-9474-1A3956D46DE8}") = "Overview", "Overview", "{93F79B54-8EE8-40DF-881E-CE5114CA4B7F}"
EndProject
Project("{9A19103F-16F7-4668-BE54-9A1E7A4F7556}") = "DataTypes", "Overview\DataTypes\DataTypes.csproj", "{9A0FD24C-273B-4D7D-BA8F-3F628980B694}"
EndProject
Project("{9A19103F-16F7-4668-BE54-9A1E7A4F7556}") = "GarbageCollect", "Overview\GarbageCollect\GarbageCollect.csproj", "{52BEDB54-E23D-4662-8A86-DF27D64CDED4}"
EndProject
Project("{9A19103F-16F7-4668-BE54-9A1E7A4F7556}") = "MyConsoleApp", "Overview\MyConsoleApp\MyConsoleApp.csproj", "{A7825649-A2AD-48A9-85F2-A50AECB2EC8F}"
EndProject
Project("{2150E333-8FDC-42A3-9474-1A3956D46DE8}") = "Regex", "Regex", "{D0D821D8-3EDE-4045-8D1E-A3E7BA79D876}"
EndProject
Project("{9A19103F-16F7-4668-BE54-9A1E7A4F7556}") = "Finding", "Regex\Finding\Finding.csproj", "{167182E1-3AF7-4EE5-804F-3C4BD05B708D}"
EndProject
Project("{9A19103F-16F7-4668-BE54-9A1E7A4F7556}") = "Replacing", "Regex\Replacing\Replacing.csproj", "{AA2E31F0-A86A-4C2D-A541-6B73D00E50CD}"
EndProject
Project("{9A19103F-16F7-4668-BE54-9A1E7A4F7556}") = "RegexTimeouts", "Regex\Timeouts\RegexTimeouts.csproj", "{21BD31A8-5289-4BB4-AFDA-8B490936406B}"
EndProject
Project("{2150E333-8FDC-42A3-9474-1A3956D46DE8}") = "Strings", "Strings", "{AEDF20FA-1BB4-4A2E-95E7-C248BB74EAF6}"
EndProject
Project("{9A19103F-16F7-4668-BE54-9A1E7A4F7556}") = "Formatting", "Strings\Formatting\Formatting.csproj", "{4533F3DA-4CF1-4E45-9BB0-DEE62489F765}"
EndProject
Project("{9A19103F-16F7-4668-BE54-9A1E7A4F7556}") = "Interpolation", "Strings\Interpolation\Interpolation.csproj", "{314C7808-CB38-481F-AB69-21CBF62EA34B}"
EndProject
Project("{9A19103F-16F7-4668-BE54-9A1E7A4F7556}") = "Manipulation", "Strings\Manipulation\Manipulation.csproj", "{4D8F19C4-A7A8-4764-9DCC-30BAD324FAED}"
EndProject
Project("{9A19103F-16F7-4668-BE54-9A1E7A4F7556}") = "Searching", "Strings\Searching\Searching.csproj", "{8441453E-8512-4A17-B178-677B1B8A99C0}"
EndProject
Global
	GlobalSection(SolutionConfigurationPlatforms) = preSolution
		Debug|Any CPU = Debug|Any CPU
		Release|Any CPU = Release|Any CPU
	EndGlobalSection
	GlobalSection(ProjectConfigurationPlatforms) = postSolution
		{F4AE9BF3-9992-43E2-B0A8-4526EF15E680}.Debug|Any CPU.ActiveCfg = Debug|Any CPU
		{F4AE9BF3-9992-43E2-B0A8-4526EF15E680}.Debug|Any CPU.Build.0 = Debug|Any CPU
		{F4AE9BF3-9992-43E2-B0A8-4526EF15E680}.Release|Any CPU.ActiveCfg = Release|Any CPU
		{F4AE9BF3-9992-43E2-B0A8-4526EF15E680}.Release|Any CPU.Build.0 = Release|Any CPU
		{4E5B7F69-5658-4A3A-BC57-1E53629823D0}.Debug|Any CPU.ActiveCfg = Debug|Any CPU
		{4E5B7F69-5658-4A3A-BC57-1E53629823D0}.Debug|Any CPU.Build.0 = Debug|Any CPU
		{4E5B7F69-5658-4A3A-BC57-1E53629823D0}.Release|Any CPU.ActiveCfg = Release|Any CPU
		{4E5B7F69-5658-4A3A-BC57-1E53629823D0}.Release|Any CPU.Build.0 = Release|Any CPU
		{4F78175F-36A3-4D0F-927F-6811A09E7D3E}.Debug|Any CPU.ActiveCfg = Debug|Any CPU
		{4F78175F-36A3-4D0F-927F-6811A09E7D3E}.Debug|Any CPU.Build.0 = Debug|Any CPU
		{4F78175F-36A3-4D0F-927F-6811A09E7D3E}.Release|Any CPU.ActiveCfg = Release|Any CPU
		{4F78175F-36A3-4D0F-927F-6811A09E7D3E}.Release|Any CPU.Build.0 = Release|Any CPU
		{8D0359C1-F3F8-47A2-B571-7A2FABF1736A}.Debug|Any CPU.ActiveCfg = Debug|Any CPU
		{8D0359C1-F3F8-47A2-B571-7A2FABF1736A}.Debug|Any CPU.Build.0 = Debug|Any CPU
		{8D0359C1-F3F8-47A2-B571-7A2FABF1736A}.Release|Any CPU.ActiveCfg = Release|Any CPU
		{8D0359C1-F3F8-47A2-B571-7A2FABF1736A}.Release|Any CPU.Build.0 = Release|Any CPU
		{600621E9-C54B-42EB-86AC-3A11A690F586}.Debug|Any CPU.ActiveCfg = Debug|Any CPU
		{600621E9-C54B-42EB-86AC-3A11A690F586}.Debug|Any CPU.Build.0 = Debug|Any CPU
		{600621E9-C54B-42EB-86AC-3A11A690F586}.Release|Any CPU.ActiveCfg = Release|Any CPU
		{600621E9-C54B-42EB-86AC-3A11A690F586}.Release|Any CPU.Build.0 = Release|Any CPU
		{38CA79EE-D223-4D91-9EF6-133DE028B8FB}.Debug|Any CPU.ActiveCfg = Debug|Any CPU
		{38CA79EE-D223-4D91-9EF6-133DE028B8FB}.Debug|Any CPU.Build.0 = Debug|Any CPU
		{38CA79EE-D223-4D91-9EF6-133DE028B8FB}.Release|Any CPU.ActiveCfg = Release|Any CPU
		{38CA79EE-D223-4D91-9EF6-133DE028B8FB}.Release|Any CPU.Build.0 = Release|Any CPU
		{B9EE8773-F2DC-4390-A2D4-AB55C7A9D856}.Debug|Any CPU.ActiveCfg = Debug|Any CPU
		{B9EE8773-F2DC-4390-A2D4-AB55C7A9D856}.Debug|Any CPU.Build.0 = Debug|Any CPU
		{B9EE8773-F2DC-4390-A2D4-AB55C7A9D856}.Release|Any CPU.ActiveCfg = Release|Any CPU
		{B9EE8773-F2DC-4390-A2D4-AB55C7A9D856}.Release|Any CPU.Build.0 = Release|Any CPU
		{DAB0F60B-1DB3-4F36-9B8E-2932C9DCDD69}.Debug|Any CPU.ActiveCfg = Debug|Any CPU
		{DAB0F60B-1DB3-4F36-9B8E-2932C9DCDD69}.Debug|Any CPU.Build.0 = Debug|Any CPU
		{DAB0F60B-1DB3-4F36-9B8E-2932C9DCDD69}.Release|Any CPU.ActiveCfg = Release|Any CPU
		{DAB0F60B-1DB3-4F36-9B8E-2932C9DCDD69}.Release|Any CPU.Build.0 = Release|Any CPU
		{0973663D-75A5-4C56-8329-92AF4AEB9905}.Debug|Any CPU.ActiveCfg = Debug|Any CPU
		{0973663D-75A5-4C56-8329-92AF4AEB9905}.Debug|Any CPU.Build.0 = Debug|Any CPU
		{0973663D-75A5-4C56-8329-92AF4AEB9905}.Release|Any CPU.ActiveCfg = Release|Any CPU
		{0973663D-75A5-4C56-8329-92AF4AEB9905}.Release|Any CPU.Build.0 = Release|Any CPU
		{9A0FD24C-273B-4D7D-BA8F-3F628980B694}.Debug|Any CPU.ActiveCfg = Debug|Any CPU
		{9A0FD24C-273B-4D7D-BA8F-3F628980B694}.Debug|Any CPU.Build.0 = Debug|Any CPU
		{9A0FD24C-273B-4D7D-BA8F-3F628980B694}.Release|Any CPU.ActiveCfg = Release|Any CPU
		{9A0FD24C-273B-4D7D-BA8F-3F628980B694}.Release|Any CPU.Build.0 = Release|Any CPU
		{52BEDB54-E23D-4662-8A86-DF27D64CDED4}.Debug|Any CPU.ActiveCfg = Debug|Any CPU
		{52BEDB54-E23D-4662-8A86-DF27D64CDED4}.Debug|Any CPU.Build.0 = Debug|Any CPU
		{52BEDB54-E23D-4662-8A86-DF27D64CDED4}.Release|Any CPU.ActiveCfg = Release|Any CPU
		{52BEDB54-E23D-4662-8A86-DF27D64CDED4}.Release|Any CPU.Build.0 = Release|Any CPU
		{A7825649-A2AD-48A9-85F2-A50AECB2EC8F}.Debug|Any CPU.ActiveCfg = Debug|Any CPU
		{A7825649-A2AD-48A9-85F2-A50AECB2EC8F}.Debug|Any CPU.Build.0 = Debug|Any CPU
		{A7825649-A2AD-48A9-85F2-A50AECB2EC8F}.Release|Any CPU.ActiveCfg = Release|Any CPU
		{A7825649-A2AD-48A9-85F2-A50AECB2EC8F}.Release|Any CPU.Build.0 = Release|Any CPU
		{167182E1-3AF7-4EE5-804F-3C4BD05B708D}.Debug|Any CPU.ActiveCfg = Debug|Any CPU
		{167182E1-3AF7-4EE5-804F-3C4BD05B708D}.Debug|Any CPU.Build.0 = Debug|Any CPU
		{167182E1-3AF7-4EE5-804F-3C4BD05B708D}.Release|Any CPU.ActiveCfg = Release|Any CPU
		{167182E1-3AF7-4EE5-804F-3C4BD05B708D}.Release|Any CPU.Build.0 = Release|Any CPU
		{AA2E31F0-A86A-4C2D-A541-6B73D00E50CD}.Debug|Any CPU.ActiveCfg = Debug|Any CPU
		{AA2E31F0-A86A-4C2D-A541-6B73D00E50CD}.Debug|Any CPU.Build.0 = Debug|Any CPU
		{AA2E31F0-A86A-4C2D-A541-6B73D00E50CD}.Release|Any CPU.ActiveCfg = Release|Any CPU
		{AA2E31F0-A86A-4C2D-A541-6B73D00E50CD}.Release|Any CPU.Build.0 = Release|Any CPU
		{21BD31A8-5289-4BB4-AFDA-8B490936406B}.Debug|Any CPU.ActiveCfg = Debug|Any CPU
		{21BD31A8-5289-4BB4-AFDA-8B490936406B}.Debug|Any CPU.Build.0 = Debug|Any CPU
		{21BD31A8-5289-4BB4-AFDA-8B490936406B}.Release|Any CPU.ActiveCfg = Release|Any CPU
		{21BD31A8-5289-4BB4-AFDA-8B490936406B}.Release|Any CPU.Build.0 = Release|Any CPU
		{4533F3DA-4CF1-4E45-9BB0-DEE62489F765}.Debug|Any CPU.ActiveCfg = Debug|Any CPU
		{4533F3DA-4CF1-4E45-9BB0-DEE62489F765}.Debug|Any CPU.Build.0 = Debug|Any CPU
		{4533F3DA-4CF1-4E45-9BB0-DEE62489F765}.Release|Any CPU.ActiveCfg = Release|Any CPU
		{4533F3DA-4CF1-4E45-9BB0-DEE62489F765}.Release|Any CPU.Build.0 = Release|Any CPU
		{314C7808-CB38-481F-AB69-21CBF62EA34B}.Debug|Any CPU.ActiveCfg = Debug|Any CPU
		{314C7808-CB38-481F-AB69-21CBF62EA34B}.Debug|Any CPU.Build.0 = Debug|Any CPU
		{314C7808-CB38-481F-AB69-21CBF62EA34B}.Release|Any CPU.ActiveCfg = Release|Any CPU
		{314C7808-CB38-481F-AB69-21CBF62EA34B}.Release|Any CPU.Build.0 = Release|Any CPU
		{4D8F19C4-A7A8-4764-9DCC-30BAD324FAED}.Debug|Any CPU.ActiveCfg = Debug|Any CPU
		{4D8F19C4-A7A8-4764-9DCC-30BAD324FAED}.Debug|Any CPU.Build.0 = Debug|Any CPU
		{4D8F19C4-A7A8-4764-9DCC-30BAD324FAED}.Release|Any CPU.ActiveCfg = Release|Any CPU
		{4D8F19C4-A7A8-4764-9DCC-30BAD324FAED}.Release|Any CPU.Build.0 = Release|Any CPU
		{8441453E-8512-4A17-B178-677B1B8A99C0}.Debug|Any CPU.ActiveCfg = Debug|Any CPU
		{8441453E-8512-4A17-B178-677B1B8A99C0}.Debug|Any CPU.Build.0 = Debug|Any CPU
		{8441453E-8512-4A17-B178-677B1B8A99C0}.Release|Any CPU.ActiveCfg = Release|Any CPU
		{8441453E-8512-4A17-B178-677B1B8A99C0}.Release|Any CPU.Build.0 = Release|Any CPU
	EndGlobalSection
	GlobalSection(SolutionProperties) = preSolution
		HideSolutionNode = FALSE
	EndGlobalSection
	GlobalSection(NestedProjects) = preSolution
		{F4AE9BF3-9992-43E2-B0A8-4526EF15E680} = {37B167A3-F65A-4DAC-B56C-F8F3C9F8C47B}
		{4E5B7F69-5658-4A3A-BC57-1E53629823D0} = {37B167A3-F65A-4DAC-B56C-F8F3C9F8C47B}
		{4F78175F-36A3-4D0F-927F-6811A09E7D3E} = {37B167A3-F65A-4DAC-B56C-F8F3C9F8C47B}
		{8D0359C1-F3F8-47A2-B571-7A2FABF1736A} = {37B167A3-F65A-4DAC-B56C-F8F3C9F8C47B}
		{600621E9-C54B-42EB-86AC-3A11A690F586} = {713E0C84-6746-4750-9D9D-E7D049C640FA}
		{38CA79EE-D223-4D91-9EF6-133DE028B8FB} = {713E0C84-6746-4750-9D9D-E7D049C640FA}
		{B9EE8773-F2DC-4390-A2D4-AB55C7A9D856} = {713E0C84-6746-4750-9D9D-E7D049C640FA}
		{DAB0F60B-1DB3-4F36-9B8E-2932C9DCDD69} = {713E0C84-6746-4750-9D9D-E7D049C640FA}
		{0973663D-75A5-4C56-8329-92AF4AEB9905} = {713E0C84-6746-4750-9D9D-E7D049C640FA}
		{9A0FD24C-273B-4D7D-BA8F-3F628980B694} = {93F79B54-8EE8-40DF-881E-CE5114CA4B7F}
		{52BEDB54-E23D-4662-8A86-DF27D64CDED4} = {93F79B54-8EE8-40DF-881E-CE5114CA4B7F}
		{A7825649-A2AD-48A9-85F2-A50AECB2EC8F} = {93F79B54-8EE8-40DF-881E-CE5114CA4B7F}
		{167182E1-3AF7-4EE5-804F-3C4BD05B708D} = {D0D821D8-3EDE-4045-8D1E-A3E7BA79D876}
		{AA2E31F0-A86A-4C2D-A541-6B73D00E50CD} = {D0D821D8-3EDE-4045-8D1E-A3E7BA79D876}
		{21BD31A8-5289-4BB4-AFDA-8B490936406B} = {D0D821D8-3EDE-4045-8D1E-A3E7BA79D876}
		{4533F3DA-4CF1-4E45-9BB0-DEE62489F765} = {AEDF20FA-1BB4-4A2E-95E7-C248BB74EAF6}
		{314C7808-CB38-481F-AB69-21CBF62EA34B} = {AEDF20FA-1BB4-4A2E-95E7-C248BB74EAF6}
		{4D8F19C4-A7A8-4764-9DCC-30BAD324FAED} = {AEDF20FA-1BB4-4A2E-95E7-C248BB74EAF6}
		{8441453E-8512-4A17-B178-677B1B8A99C0} = {AEDF20FA-1BB4-4A2E-95E7-C248BB74EAF6}
	EndGlobalSection
	GlobalSection(ExtensibilityGlobals) = postSolution
		SolutionGuid = {9B44BDED-652A-4962-AD61-69DAF9DC30B8}
	EndGlobalSection
EndGlobal
