
Microsoft Visual Studio Solution File, Format Version 12.00
# Visual Studio Version 17
VisualStudioVersion = 17.5.002.0
MinimumVisualStudioVersion = 10.0.40219.1
Project("{9A19103F-16F7-4668-BE54-9A1E7A4F7556}") = "FileCollection", "FileCollection.csproj", "{3CF26ED9-304D-4A6C-AA17-58EDE1455E71}"
EndProject
Global
	GlobalSection(SolutionConfigurationPlatforms) = preSolution
		Debug|Any CPU = Debug|Any CPU
		Release|Any CPU = Release|Any CPU
	EndGlobalSection
	GlobalSection(ProjectConfigurationPlatforms) = postSolution
		{3CF26ED9-304D-4A6C-AA17-58EDE1455E71}.Debug|Any CPU.ActiveCfg = Debug|Any CPU
		{3CF26ED9-304D-4A6C-AA17-58EDE1455E71}.Debug|Any CPU.Build.0 = Debug|Any CPU
		{3CF26ED9-304D-4A6C-AA17-58EDE1455E71}.Release|Any CPU.ActiveCfg = Release|Any CPU
		{3CF26ED9-304D-4A6C-AA17-58EDE1455E71}.Release|Any CPU.Build.0 = Release|Any CPU
	EndGlobalSection
	GlobalSection(SolutionProperties) = preSolution
		HideSolutionNode = FALSE
	EndGlobalSection
	GlobalSection(ExtensibilityGlobals) = postSolution
		SolutionGuid = {2B7CEE5F-9BD0-44D1-9827-C373D2A99E87}
	EndGlobalSection
EndGlobal
